
Microsoft Visual Studio Solution File, Format Version 12.00
# Visual Studio Version 16
VisualStudioVersion = 16.0.29306.81
MinimumVisualStudioVersion = 10.0.40219.1
Project("{F184B08F-C81C-45F6-A57F-5ABD9991F28F}") = "BlueCurve.CommonPlatform.AM", "BlueCurve.CommonPlatform.AM\BlueCurve.CommonPlatform.AM.vbproj", "{3C10C1F9-D43B-4E47-A3D1-B3EF5364C052}"
EndProject
Project("{F184B08F-C81C-45F6-A57F-5ABD9991F28F}") = "BlueCurve.CommonPlatform.AP", "BlueCurve.CommonPlatform.AP\BlueCurve.CommonPlatform.AP.vbproj", "{1E80ABB7-4FED-4C8A-8D2F-E93EFF21E8CF}"
	ProjectSection(ProjectDependencies) = postProject
		{D5105C49-BA62-4F5C-91B3-86BE0F595B1E} = {D5105C49-BA62-4F5C-91B3-86BE0F595B1E}
		{9458C080-80F1-4B89-9BF2-182F11B983F3} = {9458C080-80F1-4B89-9BF2-182F11B983F3}
		{08A0348B-0A37-4984-AD0F-449F325DAA28} = {08A0348B-0A37-4984-AD0F-449F325DAA28}
		{A030239A-128B-4509-B3AE-540EBE51C29C} = {A030239A-128B-4509-B3AE-540EBE51C29C}
		{CC9215D9-EADB-4D93-946E-9B6C3C4E2B05} = {CC9215D9-EADB-4D93-946E-9B6C3C4E2B05}
		{3C10C1F9-D43B-4E47-A3D1-B3EF5364C052} = {3C10C1F9-D43B-4E47-A3D1-B3EF5364C052}
	EndProjectSection
EndProject
Project("{F184B08F-C81C-45F6-A57F-5ABD9991F28F}") = "BlueCurve.Create.AP", "BlueCurve.Create.AP\BlueCurve.Create.AP.vbproj", "{1B30404B-D5E1-419B-872E-1C8A21515762}"
EndProject
Project("{F184B08F-C81C-45F6-A57F-5ABD9991F28F}") = "BlueCurve.Process.AP", "BlueCurve.Process.AP\BlueCurve.Process.AP.vbproj", "{24AA383B-B7A4-4D91-BBB6-7DE4B0F2B176}"
EndProject
Project("{F184B08F-C81C-45F6-A57F-5ABD9991F28F}") = "BlueCurve.InsightToolkit.AP", "BlueCurve.InsightToolkit.AP\BlueCurve.InsightToolkit.AP.vbproj", "{6FBFDA14-3A31-457F-A0BE-328498E4FF2B}"
EndProject
Project("{F184B08F-C81C-45F6-A57F-5ABD9991F28F}") = "BlueCurve.BluePrint.AP", "BlueCurve.BluePrint.AP\BlueCurve.BluePrint.AP.vbproj", "{6F860FBA-E7EA-46DD-B9F9-AF73B8219F40}"
	ProjectSection(ProjectDependencies) = postProject
		{9458C080-80F1-4B89-9BF2-182F11B983F3} = {9458C080-80F1-4B89-9BF2-182F11B983F3}
		{08A0348B-0A37-4984-AD0F-449F325DAA28} = {08A0348B-0A37-4984-AD0F-449F325DAA28}
		{F4761C8D-C932-4C13-B362-F5ECE8157147} = {F4761C8D-C932-4C13-B362-F5ECE8157147}
		{A030239A-128B-4509-B3AE-540EBE51C29C} = {A030239A-128B-4509-B3AE-540EBE51C29C}
		{CC9215D9-EADB-4D93-946E-9B6C3C4E2B05} = {CC9215D9-EADB-4D93-946E-9B6C3C4E2B05}
	EndProjectSection
EndProject
Project("{F184B08F-C81C-45F6-A57F-5ABD9991F28F}") = "BlueCurve.Core.CS", "BlueCurve.Core.CS\BlueCurve.Core.CS.vbproj", "{08A0348B-0A37-4984-AD0F-449F325DAA28}"
EndProject
Project("{F184B08F-C81C-45F6-A57F-5ABD9991F28F}") = "BlueCurve.Core.OM", "BlueCurve.Core.OM\BlueCurve.Core.OM.vbproj", "{CC9215D9-EADB-4D93-946E-9B6C3C4E2B05}"
	ProjectSection(ProjectDependencies) = postProject
		{08A0348B-0A37-4984-AD0F-449F325DAA28} = {08A0348B-0A37-4984-AD0F-449F325DAA28}
	EndProjectSection
EndProject
Project("{F184B08F-C81C-45F6-A57F-5ABD9991F28F}") = "BlueCurve.Core.AX", "BlueCurve.Core.AX\BlueCurve.Core.AX.vbproj", "{D5105C49-BA62-4F5C-91B3-86BE0F595B1E}"
EndProject
Project("{F184B08F-C81C-45F6-A57F-5ABD9991F28F}") = "BlueCurve.Create.AM", "BlueCurve.Create.AM\BlueCurve.Create.AM.vbproj", "{A030239A-128B-4509-B3AE-540EBE51C29C}"
	ProjectSection(ProjectDependencies) = postProject
		{9458C080-80F1-4B89-9BF2-182F11B983F3} = {9458C080-80F1-4B89-9BF2-182F11B983F3}
		{08A0348B-0A37-4984-AD0F-449F325DAA28} = {08A0348B-0A37-4984-AD0F-449F325DAA28}
		{CC9215D9-EADB-4D93-946E-9B6C3C4E2B05} = {CC9215D9-EADB-4D93-946E-9B6C3C4E2B05}
	EndProjectSection
EndProject
Project("{F184B08F-C81C-45F6-A57F-5ABD9991F28F}") = "BlueCurve.Process.AM", "BlueCurve.Process.AM\BlueCurve.Process.AM.vbproj", "{3C16EDEC-C24E-4E6A-A5F1-E17721A349DB}"
	ProjectSection(ProjectDependencies) = postProject
		{9458C080-80F1-4B89-9BF2-182F11B983F3} = {9458C080-80F1-4B89-9BF2-182F11B983F3}
		{08A0348B-0A37-4984-AD0F-449F325DAA28} = {08A0348B-0A37-4984-AD0F-449F325DAA28}
		{A030239A-128B-4509-B3AE-540EBE51C29C} = {A030239A-128B-4509-B3AE-540EBE51C29C}
		{CC9215D9-EADB-4D93-946E-9B6C3C4E2B05} = {CC9215D9-EADB-4D93-946E-9B6C3C4E2B05}
	EndProjectSection
EndProject
Project("{F184B08F-C81C-45F6-A57F-5ABD9991F28F}") = "BlueCurve.BluePrint.AM", "BlueCurve.BluePrint.AM\BlueCurve.BluePrint.AM.vbproj", "{F4761C8D-C932-4C13-B362-F5ECE8157147}"
	ProjectSection(ProjectDependencies) = postProject
		{9458C080-80F1-4B89-9BF2-182F11B983F3} = {9458C080-80F1-4B89-9BF2-182F11B983F3}
		{08A0348B-0A37-4984-AD0F-449F325DAA28} = {08A0348B-0A37-4984-AD0F-449F325DAA28}
		{A030239A-128B-4509-B3AE-540EBE51C29C} = {A030239A-128B-4509-B3AE-540EBE51C29C}
		{CC9215D9-EADB-4D93-946E-9B6C3C4E2B05} = {CC9215D9-EADB-4D93-946E-9B6C3C4E2B05}
	EndProjectSection
EndProject
Project("{F184B08F-C81C-45F6-A57F-5ABD9991F28F}") = "BlueCurve.Insight.AM", "BlueCurve.Insight.AM\BlueCurve.Insight.AM.vbproj", "{8D7651C6-E53E-4E5D-AE78-EA74548C75F1}"
EndProject
Project("{F184B08F-C81C-45F6-A57F-5ABD9991F28F}") = "BlueCurve.Core.AS", "BlueCurve.Core.AS\BlueCurve.Core.AS.vbproj", "{9458C080-80F1-4B89-9BF2-182F11B983F3}"
	ProjectSection(ProjectDependencies) = postProject
		{08A0348B-0A37-4984-AD0F-449F325DAA28} = {08A0348B-0A37-4984-AD0F-449F325DAA28}
		{CC9215D9-EADB-4D93-946E-9B6C3C4E2B05} = {CC9215D9-EADB-4D93-946E-9B6C3C4E2B05}
	EndProjectSection
EndProject
Project("{F184B08F-C81C-45F6-A57F-5ABD9991F28F}") = "BlueCurve.DataSync.SM", "BlueCurve.DataSync.SM\BlueCurve.DataSync.SM.vbproj", "{42EFAE37-42AA-4496-A1BF-904BC4B52A57}"
EndProject
Project("{E24C65DC-7377-472B-9ABA-BC803B73C61A}") = "BlueCurve.DataSyncNotify.WS", "BlueCurve.DataSyncNotify.WS", "{98DC262C-571D-4418-8BA9-59E46423736F}"
	ProjectSection(WebsiteProperties) = preProject
		SccProjectName = ""
		SccAuxPath = ""
		SccLocalPath = ""
		SccProvider = ""
		TargetFrameworkMoniker = ".NETFramework,Version%3Dv4.5.1"
		Debug.AspNetCompiler.VirtualPath = "/BlueCurve.DataSyncNotify.WS"
		Debug.AspNetCompiler.PhysicalPath = "BlueCurve.DataSyncNotify.WS\"
		Debug.AspNetCompiler.TargetPath = "PrecompiledWeb\BlueCurve.DataSyncNotify.WS\"
		Debug.AspNetCompiler.Updateable = "true"
		Debug.AspNetCompiler.ForceOverwrite = "true"
		Debug.AspNetCompiler.FixedNames = "false"
		Debug.AspNetCompiler.Debug = "True"
		Release.AspNetCompiler.VirtualPath = "/BlueCurve.DataSyncNotify.WS"
		Release.AspNetCompiler.PhysicalPath = "BlueCurve.DataSyncNotify.WS\"
		Release.AspNetCompiler.TargetPath = "PrecompiledWeb\BlueCurve.DataSyncNotify.WS\"
		Release.AspNetCompiler.Updateable = "true"
		Release.AspNetCompiler.ForceOverwrite = "true"
		Release.AspNetCompiler.FixedNames = "false"
		Release.AspNetCompiler.Debug = "False"
		VWDPort = "40000"
		VWDDynamicPort = "false"
		SlnRelativePath = "BlueCurve.DataSyncNotify.WS\"
	EndProjectSection
EndProject
Project("{F184B08F-C81C-45F6-A57F-5ABD9991F28F}") = "BlueCurve.DataLoader.SM", "BlueCurve.DataLoader.SM\BlueCurve.DataLoader.SM.vbproj", "{3077D2E3-A735-43DC-AEDC-14208B1F4B07}"
EndProject
Project("{F184B08F-C81C-45F6-A57F-5ABD9991F28F}") = "BlueCurve.Deployment.AP", "BlueCurve.Deployment.AP\BlueCurve.Deployment.AP.vbproj", "{B65BAC3E-50FE-40F9-869A-962A22EE8099}"
EndProject
Project("{F184B08F-C81C-45F6-A57F-5ABD9991F28F}") = "BlueCurve.Deployment.AM", "BlueCurve.Deployment.AM\BlueCurve.Deployment.AM.vbproj", "{F3401C17-B618-44DB-885D-EA88F32D5F7B}"
EndProject
Project("{F184B08F-C81C-45F6-A57F-5ABD9991F28F}") = "BlueCurve.Deployment.AC", "BlueCurve.Deployment.AC\BlueCurve.Deployment.AC.vbproj", "{9DBC80BF-17D3-4A89-B687-7106D265D9B9}"
EndProject
Project("{FAE04EC0-301F-11D3-BF4B-00C04F79EFBC}") = "bluecurve.core.wcf.ws", "bluecurve.core.wcf.ws\bluecurve.core.wcf.ws\bluecurve.core.wcf.ws.csproj", "{E6D13E46-64BF-4F0A-93C0-66A87B438F91}"
	ProjectSection(ProjectDependencies) = postProject
		{08A0348B-0A37-4984-AD0F-449F325DAA28} = {08A0348B-0A37-4984-AD0F-449F325DAA28}
		{CC9215D9-EADB-4D93-946E-9B6C3C4E2B05} = {CC9215D9-EADB-4D93-946E-9B6C3C4E2B05}
	EndProjectSection
EndProject
Project("{FAE04EC0-301F-11D3-BF4B-00C04F79EFBC}") = "BlueCurve.Core.Services", "BlueCureve.Core.Services\BlueCurve.Core.Services.csproj", "{79A0029B-FDC4-4213-8F94-DF1658AFBDD1}"
EndProject
Project("{FAE04EC0-301F-11D3-BF4B-00C04F79EFBC}") = "BlueCurve.Components.WCF", "BlueCurve.Components.WCF\BlueCurve.Components.WCF.csproj", "{DB5D0947-0C1A-491E-8A5E-D06854D3C9B5}"
EndProject
Project("{FAE04EC0-301F-11D3-BF4B-00C04F79EFBC}") = "BlueCurve.Core.CS.WCF.Proxy", "BlueCurve.Core.CS.WCF.Proxy\BlueCurve.Core.CS.WCF.Proxy.csproj", "{02EABB69-1B35-4069-ACB0-26D4B4B007B3}"
EndProject
Project("{FAE04EC0-301F-11D3-BF4B-00C04F79EFBC}") = "BlueCurve.Aggregations.AM", "BlueCurve.Aggregations.AM\BlueCurve.Aggregations.AM.csproj", "{9BB1E0E2-744F-405C-B313-73D411CB946D}"
EndProject
Project("{FAE04EC0-301F-11D3-BF4B-00C04F79EFBC}") = "BlueCurve.IIS.Services", "BlueCurve.IIS.Services\BlueCurve.IIS.Services\BlueCurve.IIS.Services.csproj", "{70BA0FA1-6A45-4A7C-A1E3-7880001D4F7F}"
EndProject
Project("{FAE04EC0-301F-11D3-BF4B-00C04F79EFBC}") = "BlueCurve.Dataloader.AM", "BlueCurve.Dataloader.AM\BlueCurve.Dataloader.AM.csproj", "{9AC3CEA0-1D8B-4F44-813A-3EC8301C7BE8}"
EndProject
Project("{FAE04EC0-301F-11D3-BF4B-00C04F79EFBC}") = "BlueCurve.DXCommonPlatform.AP", "BlueCurve.Scheduler.AP\BlueCurve.DXCommonPlatform.AP.csproj", "{8BC92B72-25B9-479D-ACE7-5D1D3A66C274}"
EndProject
Project("{FAE04EC0-301F-11D3-BF4B-00C04F79EFBC}") = "Bluecurve.DXCommonPlatform.AM", "Bluecurve.DXCommonPlatform.AM\Bluecurve.DXCommonPlatform.AM.csproj", "{3A0B6375-E9ED-4CC1-AC7B-306AC04B133E}"
EndProject
Project("{FAE04EC0-301F-11D3-BF4B-00C04F79EFBC}") = "BlueCurve.Excel.RTD", "BlueCurve.Excel.RTD\BlueCurve.Excel.RTD.csproj", "{5845BD82-49D5-421A-9CFD-21A06369C17F}"
EndProject
Project("{FAE04EC0-301F-11D3-BF4B-00C04F79EFBC}") = "bluecurve.core.ad.wcf", "bluecurve.core.ad.wcf\bluecurve.core.ad.wcf.csproj", "{7127036D-5BC6-407E-83D3-D370584365E2}"
EndProject
Global
	GlobalSection(SolutionConfigurationPlatforms) = preSolution
		Debug|.NET = Debug|.NET
		Debug|Any CPU = Debug|Any CPU
		Debug|Mixed Platforms = Debug|Mixed Platforms
		Debug|Win32 = Debug|Win32
		Release|.NET = Release|.NET
		Release|Any CPU = Release|Any CPU
		Release|Mixed Platforms = Release|Mixed Platforms
		Release|Win32 = Release|Win32
	EndGlobalSection
	GlobalSection(ProjectConfigurationPlatforms) = postSolution
		{3C10C1F9-D43B-4E47-A3D1-B3EF5364C052}.Debug|.NET.ActiveCfg = Debug|Any CPU
		{3C10C1F9-D43B-4E47-A3D1-B3EF5364C052}.Debug|Any CPU.ActiveCfg = Debug|Any CPU
		{3C10C1F9-D43B-4E47-A3D1-B3EF5364C052}.Debug|Any CPU.Build.0 = Debug|Any CPU
		{3C10C1F9-D43B-4E47-A3D1-B3EF5364C052}.Debug|Mixed Platforms.ActiveCfg = Debug|Any CPU
		{3C10C1F9-D43B-4E47-A3D1-B3EF5364C052}.Debug|Mixed Platforms.Build.0 = Debug|Any CPU
		{3C10C1F9-D43B-4E47-A3D1-B3EF5364C052}.Debug|Win32.ActiveCfg = Debug|Any CPU
		{3C10C1F9-D43B-4E47-A3D1-B3EF5364C052}.Release|.NET.ActiveCfg = Release|Any CPU
		{3C10C1F9-D43B-4E47-A3D1-B3EF5364C052}.Release|Any CPU.ActiveCfg = Release|Any CPU
		{3C10C1F9-D43B-4E47-A3D1-B3EF5364C052}.Release|Any CPU.Build.0 = Release|Any CPU
		{3C10C1F9-D43B-4E47-A3D1-B3EF5364C052}.Release|Mixed Platforms.ActiveCfg = Release|Any CPU
		{3C10C1F9-D43B-4E47-A3D1-B3EF5364C052}.Release|Mixed Platforms.Build.0 = Release|Any CPU
		{3C10C1F9-D43B-4E47-A3D1-B3EF5364C052}.Release|Win32.ActiveCfg = Release|Any CPU
		{1E80ABB7-4FED-4C8A-8D2F-E93EFF21E8CF}.Debug|.NET.ActiveCfg = Debug|Any CPU
		{1E80ABB7-4FED-4C8A-8D2F-E93EFF21E8CF}.Debug|Any CPU.ActiveCfg = Debug|Any CPU
		{1E80ABB7-4FED-4C8A-8D2F-E93EFF21E8CF}.Debug|Any CPU.Build.0 = Debug|Any CPU
		{1E80ABB7-4FED-4C8A-8D2F-E93EFF21E8CF}.Debug|Mixed Platforms.ActiveCfg = Debug|Any CPU
		{1E80ABB7-4FED-4C8A-8D2F-E93EFF21E8CF}.Debug|Mixed Platforms.Build.0 = Debug|Any CPU
		{1E80ABB7-4FED-4C8A-8D2F-E93EFF21E8CF}.Debug|Win32.ActiveCfg = Debug|Any CPU
		{1E80ABB7-4FED-4C8A-8D2F-E93EFF21E8CF}.Release|.NET.ActiveCfg = Release|Any CPU
		{1E80ABB7-4FED-4C8A-8D2F-E93EFF21E8CF}.Release|Any CPU.ActiveCfg = Release|Any CPU
		{1E80ABB7-4FED-4C8A-8D2F-E93EFF21E8CF}.Release|Any CPU.Build.0 = Release|Any CPU
		{1E80ABB7-4FED-4C8A-8D2F-E93EFF21E8CF}.Release|Mixed Platforms.ActiveCfg = Release|Any CPU
		{1E80ABB7-4FED-4C8A-8D2F-E93EFF21E8CF}.Release|Mixed Platforms.Build.0 = Release|Any CPU
		{1E80ABB7-4FED-4C8A-8D2F-E93EFF21E8CF}.Release|Win32.ActiveCfg = Release|Any CPU
		{1B30404B-D5E1-419B-872E-1C8A21515762}.Debug|.NET.ActiveCfg = Debug|Any CPU
		{1B30404B-D5E1-419B-872E-1C8A21515762}.Debug|Any CPU.ActiveCfg = Debug|Any CPU
		{1B30404B-D5E1-419B-872E-1C8A21515762}.Debug|Any CPU.Build.0 = Debug|Any CPU
		{1B30404B-D5E1-419B-872E-1C8A21515762}.Debug|Mixed Platforms.ActiveCfg = Debug|Any CPU
		{1B30404B-D5E1-419B-872E-1C8A21515762}.Debug|Mixed Platforms.Build.0 = Debug|Any CPU
		{1B30404B-D5E1-419B-872E-1C8A21515762}.Debug|Win32.ActiveCfg = Debug|Any CPU
		{1B30404B-D5E1-419B-872E-1C8A21515762}.Release|.NET.ActiveCfg = Release|Any CPU
		{1B30404B-D5E1-419B-872E-1C8A21515762}.Release|Any CPU.ActiveCfg = Release|Any CPU
		{1B30404B-D5E1-419B-872E-1C8A21515762}.Release|Any CPU.Build.0 = Release|Any CPU
		{1B30404B-D5E1-419B-872E-1C8A21515762}.Release|Mixed Platforms.ActiveCfg = Release|Any CPU
		{1B30404B-D5E1-419B-872E-1C8A21515762}.Release|Mixed Platforms.Build.0 = Release|Any CPU
		{1B30404B-D5E1-419B-872E-1C8A21515762}.Release|Win32.ActiveCfg = Release|Any CPU
		{24AA383B-B7A4-4D91-BBB6-7DE4B0F2B176}.Debug|.NET.ActiveCfg = Debug|Any CPU
		{24AA383B-B7A4-4D91-BBB6-7DE4B0F2B176}.Debug|Any CPU.ActiveCfg = Debug|Any CPU
		{24AA383B-B7A4-4D91-BBB6-7DE4B0F2B176}.Debug|Any CPU.Build.0 = Debug|Any CPU
		{24AA383B-B7A4-4D91-BBB6-7DE4B0F2B176}.Debug|Mixed Platforms.ActiveCfg = Debug|Any CPU
		{24AA383B-B7A4-4D91-BBB6-7DE4B0F2B176}.Debug|Mixed Platforms.Build.0 = Debug|Any CPU
		{24AA383B-B7A4-4D91-BBB6-7DE4B0F2B176}.Debug|Win32.ActiveCfg = Debug|Any CPU
		{24AA383B-B7A4-4D91-BBB6-7DE4B0F2B176}.Release|.NET.ActiveCfg = Release|Any CPU
		{24AA383B-B7A4-4D91-BBB6-7DE4B0F2B176}.Release|Any CPU.ActiveCfg = Release|Any CPU
		{24AA383B-B7A4-4D91-BBB6-7DE4B0F2B176}.Release|Any CPU.Build.0 = Release|Any CPU
		{24AA383B-B7A4-4D91-BBB6-7DE4B0F2B176}.Release|Mixed Platforms.ActiveCfg = Release|Any CPU
		{24AA383B-B7A4-4D91-BBB6-7DE4B0F2B176}.Release|Mixed Platforms.Build.0 = Release|Any CPU
		{24AA383B-B7A4-4D91-BBB6-7DE4B0F2B176}.Release|Win32.ActiveCfg = Release|Any CPU
		{6FBFDA14-3A31-457F-A0BE-328498E4FF2B}.Debug|.NET.ActiveCfg = Debug|Any CPU
		{6FBFDA14-3A31-457F-A0BE-328498E4FF2B}.Debug|Any CPU.ActiveCfg = Debug|Any CPU
		{6FBFDA14-3A31-457F-A0BE-328498E4FF2B}.Debug|Any CPU.Build.0 = Debug|Any CPU
		{6FBFDA14-3A31-457F-A0BE-328498E4FF2B}.Debug|Mixed Platforms.ActiveCfg = Debug|Any CPU
		{6FBFDA14-3A31-457F-A0BE-328498E4FF2B}.Debug|Mixed Platforms.Build.0 = Debug|Any CPU
		{6FBFDA14-3A31-457F-A0BE-328498E4FF2B}.Debug|Win32.ActiveCfg = Debug|Any CPU
		{6FBFDA14-3A31-457F-A0BE-328498E4FF2B}.Release|.NET.ActiveCfg = Release|Any CPU
		{6FBFDA14-3A31-457F-A0BE-328498E4FF2B}.Release|Any CPU.ActiveCfg = Release|Any CPU
		{6FBFDA14-3A31-457F-A0BE-328498E4FF2B}.Release|Any CPU.Build.0 = Release|Any CPU
		{6FBFDA14-3A31-457F-A0BE-328498E4FF2B}.Release|Mixed Platforms.ActiveCfg = Release|Any CPU
		{6FBFDA14-3A31-457F-A0BE-328498E4FF2B}.Release|Mixed Platforms.Build.0 = Release|Any CPU
		{6FBFDA14-3A31-457F-A0BE-328498E4FF2B}.Release|Win32.ActiveCfg = Release|Any CPU
		{6F860FBA-E7EA-46DD-B9F9-AF73B8219F40}.Debug|.NET.ActiveCfg = Debug|Any CPU
		{6F860FBA-E7EA-46DD-B9F9-AF73B8219F40}.Debug|Any CPU.ActiveCfg = Debug|Any CPU
		{6F860FBA-E7EA-46DD-B9F9-AF73B8219F40}.Debug|Any CPU.Build.0 = Debug|Any CPU
		{6F860FBA-E7EA-46DD-B9F9-AF73B8219F40}.Debug|Mixed Platforms.ActiveCfg = Debug|Any CPU
		{6F860FBA-E7EA-46DD-B9F9-AF73B8219F40}.Debug|Mixed Platforms.Build.0 = Debug|Any CPU
		{6F860FBA-E7EA-46DD-B9F9-AF73B8219F40}.Debug|Win32.ActiveCfg = Debug|Any CPU
		{6F860FBA-E7EA-46DD-B9F9-AF73B8219F40}.Release|.NET.ActiveCfg = Release|Any CPU
		{6F860FBA-E7EA-46DD-B9F9-AF73B8219F40}.Release|Any CPU.ActiveCfg = Release|Any CPU
		{6F860FBA-E7EA-46DD-B9F9-AF73B8219F40}.Release|Any CPU.Build.0 = Release|Any CPU
		{6F860FBA-E7EA-46DD-B9F9-AF73B8219F40}.Release|Mixed Platforms.ActiveCfg = Release|Any CPU
		{6F860FBA-E7EA-46DD-B9F9-AF73B8219F40}.Release|Mixed Platforms.Build.0 = Release|Any CPU
		{6F860FBA-E7EA-46DD-B9F9-AF73B8219F40}.Release|Win32.ActiveCfg = Release|Any CPU
		{08A0348B-0A37-4984-AD0F-449F325DAA28}.Debug|.NET.ActiveCfg = Debug|Any CPU
		{08A0348B-0A37-4984-AD0F-449F325DAA28}.Debug|Any CPU.ActiveCfg = Debug|Any CPU
		{08A0348B-0A37-4984-AD0F-449F325DAA28}.Debug|Any CPU.Build.0 = Debug|Any CPU
		{08A0348B-0A37-4984-AD0F-449F325DAA28}.Debug|Mixed Platforms.ActiveCfg = Debug|Any CPU
		{08A0348B-0A37-4984-AD0F-449F325DAA28}.Debug|Mixed Platforms.Build.0 = Debug|Any CPU
		{08A0348B-0A37-4984-AD0F-449F325DAA28}.Debug|Win32.ActiveCfg = Debug|Any CPU
		{08A0348B-0A37-4984-AD0F-449F325DAA28}.Release|.NET.ActiveCfg = Release|Any CPU
		{08A0348B-0A37-4984-AD0F-449F325DAA28}.Release|Any CPU.ActiveCfg = Release|Any CPU
		{08A0348B-0A37-4984-AD0F-449F325DAA28}.Release|Any CPU.Build.0 = Release|Any CPU
		{08A0348B-0A37-4984-AD0F-449F325DAA28}.Release|Mixed Platforms.ActiveCfg = Release|Any CPU
		{08A0348B-0A37-4984-AD0F-449F325DAA28}.Release|Mixed Platforms.Build.0 = Release|Any CPU
		{08A0348B-0A37-4984-AD0F-449F325DAA28}.Release|Win32.ActiveCfg = Release|Any CPU
		{CC9215D9-EADB-4D93-946E-9B6C3C4E2B05}.Debug|.NET.ActiveCfg = Debug|Any CPU
		{CC9215D9-EADB-4D93-946E-9B6C3C4E2B05}.Debug|Any CPU.ActiveCfg = Debug|Any CPU
		{CC9215D9-EADB-4D93-946E-9B6C3C4E2B05}.Debug|Any CPU.Build.0 = Debug|Any CPU
		{CC9215D9-EADB-4D93-946E-9B6C3C4E2B05}.Debug|Mixed Platforms.ActiveCfg = Debug|Any CPU
		{CC9215D9-EADB-4D93-946E-9B6C3C4E2B05}.Debug|Mixed Platforms.Build.0 = Debug|Any CPU
		{CC9215D9-EADB-4D93-946E-9B6C3C4E2B05}.Debug|Win32.ActiveCfg = Debug|Any CPU
		{CC9215D9-EADB-4D93-946E-9B6C3C4E2B05}.Release|.NET.ActiveCfg = Release|Any CPU
		{CC9215D9-EADB-4D93-946E-9B6C3C4E2B05}.Release|Any CPU.ActiveCfg = Release|Any CPU
		{CC9215D9-EADB-4D93-946E-9B6C3C4E2B05}.Release|Any CPU.Build.0 = Release|Any CPU
		{CC9215D9-EADB-4D93-946E-9B6C3C4E2B05}.Release|Mixed Platforms.ActiveCfg = Release|Any CPU
		{CC9215D9-EADB-4D93-946E-9B6C3C4E2B05}.Release|Mixed Platforms.Build.0 = Release|Any CPU
		{CC9215D9-EADB-4D93-946E-9B6C3C4E2B05}.Release|Win32.ActiveCfg = Release|Any CPU
		{D5105C49-BA62-4F5C-91B3-86BE0F595B1E}.Debug|.NET.ActiveCfg = Debug|Any CPU
		{D5105C49-BA62-4F5C-91B3-86BE0F595B1E}.Debug|Any CPU.ActiveCfg = Debug|Any CPU
		{D5105C49-BA62-4F5C-91B3-86BE0F595B1E}.Debug|Any CPU.Build.0 = Debug|Any CPU
		{D5105C49-BA62-4F5C-91B3-86BE0F595B1E}.Debug|Mixed Platforms.ActiveCfg = Debug|Any CPU
		{D5105C49-BA62-4F5C-91B3-86BE0F595B1E}.Debug|Mixed Platforms.Build.0 = Debug|Any CPU
		{D5105C49-BA62-4F5C-91B3-86BE0F595B1E}.Debug|Win32.ActiveCfg = Debug|Any CPU
		{D5105C49-BA62-4F5C-91B3-86BE0F595B1E}.Release|.NET.ActiveCfg = Release|Any CPU
		{D5105C49-BA62-4F5C-91B3-86BE0F595B1E}.Release|Any CPU.ActiveCfg = Release|Any CPU
		{D5105C49-BA62-4F5C-91B3-86BE0F595B1E}.Release|Any CPU.Build.0 = Release|Any CPU
		{D5105C49-BA62-4F5C-91B3-86BE0F595B1E}.Release|Mixed Platforms.ActiveCfg = Release|Any CPU
		{D5105C49-BA62-4F5C-91B3-86BE0F595B1E}.Release|Mixed Platforms.Build.0 = Release|Any CPU
		{D5105C49-BA62-4F5C-91B3-86BE0F595B1E}.Release|Win32.ActiveCfg = Release|Any CPU
		{A030239A-128B-4509-B3AE-540EBE51C29C}.Debug|.NET.ActiveCfg = Debug|Any CPU
		{A030239A-128B-4509-B3AE-540EBE51C29C}.Debug|Any CPU.ActiveCfg = Debug|Any CPU
		{A030239A-128B-4509-B3AE-540EBE51C29C}.Debug|Any CPU.Build.0 = Debug|Any CPU
		{A030239A-128B-4509-B3AE-540EBE51C29C}.Debug|Mixed Platforms.ActiveCfg = Debug|Any CPU
		{A030239A-128B-4509-B3AE-540EBE51C29C}.Debug|Mixed Platforms.Build.0 = Debug|Any CPU
		{A030239A-128B-4509-B3AE-540EBE51C29C}.Debug|Win32.ActiveCfg = Debug|Any CPU
		{A030239A-128B-4509-B3AE-540EBE51C29C}.Release|.NET.ActiveCfg = Release|Any CPU
		{A030239A-128B-4509-B3AE-540EBE51C29C}.Release|Any CPU.ActiveCfg = Release|Any CPU
		{A030239A-128B-4509-B3AE-540EBE51C29C}.Release|Any CPU.Build.0 = Release|Any CPU
		{A030239A-128B-4509-B3AE-540EBE51C29C}.Release|Mixed Platforms.ActiveCfg = Release|Any CPU
		{A030239A-128B-4509-B3AE-540EBE51C29C}.Release|Mixed Platforms.Build.0 = Release|Any CPU
		{A030239A-128B-4509-B3AE-540EBE51C29C}.Release|Win32.ActiveCfg = Release|Any CPU
		{3C16EDEC-C24E-4E6A-A5F1-E17721A349DB}.Debug|.NET.ActiveCfg = Debug|Any CPU
		{3C16EDEC-C24E-4E6A-A5F1-E17721A349DB}.Debug|Any CPU.ActiveCfg = Debug|Any CPU
		{3C16EDEC-C24E-4E6A-A5F1-E17721A349DB}.Debug|Any CPU.Build.0 = Debug|Any CPU
		{3C16EDEC-C24E-4E6A-A5F1-E17721A349DB}.Debug|Mixed Platforms.ActiveCfg = Debug|Any CPU
		{3C16EDEC-C24E-4E6A-A5F1-E17721A349DB}.Debug|Mixed Platforms.Build.0 = Debug|Any CPU
		{3C16EDEC-C24E-4E6A-A5F1-E17721A349DB}.Debug|Win32.ActiveCfg = Debug|Any CPU
		{3C16EDEC-C24E-4E6A-A5F1-E17721A349DB}.Release|.NET.ActiveCfg = Release|Any CPU
		{3C16EDEC-C24E-4E6A-A5F1-E17721A349DB}.Release|Any CPU.ActiveCfg = Release|Any CPU
		{3C16EDEC-C24E-4E6A-A5F1-E17721A349DB}.Release|Any CPU.Build.0 = Release|Any CPU
		{3C16EDEC-C24E-4E6A-A5F1-E17721A349DB}.Release|Mixed Platforms.ActiveCfg = Release|Any CPU
		{3C16EDEC-C24E-4E6A-A5F1-E17721A349DB}.Release|Mixed Platforms.Build.0 = Release|Any CPU
		{3C16EDEC-C24E-4E6A-A5F1-E17721A349DB}.Release|Win32.ActiveCfg = Release|Any CPU
		{F4761C8D-C932-4C13-B362-F5ECE8157147}.Debug|.NET.ActiveCfg = Debug|Any CPU
		{F4761C8D-C932-4C13-B362-F5ECE8157147}.Debug|Any CPU.ActiveCfg = Debug|Any CPU
		{F4761C8D-C932-4C13-B362-F5ECE8157147}.Debug|Any CPU.Build.0 = Debug|Any CPU
		{F4761C8D-C932-4C13-B362-F5ECE8157147}.Debug|Mixed Platforms.ActiveCfg = Debug|Any CPU
		{F4761C8D-C932-4C13-B362-F5ECE8157147}.Debug|Mixed Platforms.Build.0 = Debug|Any CPU
		{F4761C8D-C932-4C13-B362-F5ECE8157147}.Debug|Win32.ActiveCfg = Debug|Any CPU
		{F4761C8D-C932-4C13-B362-F5ECE8157147}.Release|.NET.ActiveCfg = Release|Any CPU
		{F4761C8D-C932-4C13-B362-F5ECE8157147}.Release|Any CPU.ActiveCfg = Release|Any CPU
		{F4761C8D-C932-4C13-B362-F5ECE8157147}.Release|Any CPU.Build.0 = Release|Any CPU
		{F4761C8D-C932-4C13-B362-F5ECE8157147}.Release|Mixed Platforms.ActiveCfg = Release|Any CPU
		{F4761C8D-C932-4C13-B362-F5ECE8157147}.Release|Mixed Platforms.Build.0 = Release|Any CPU
		{F4761C8D-C932-4C13-B362-F5ECE8157147}.Release|Win32.ActiveCfg = Release|Any CPU
		{8D7651C6-E53E-4E5D-AE78-EA74548C75F1}.Debug|.NET.ActiveCfg = Debug|Any CPU
		{8D7651C6-E53E-4E5D-AE78-EA74548C75F1}.Debug|Any CPU.ActiveCfg = Debug|Any CPU
		{8D7651C6-E53E-4E5D-AE78-EA74548C75F1}.Debug|Any CPU.Build.0 = Debug|Any CPU
		{8D7651C6-E53E-4E5D-AE78-EA74548C75F1}.Debug|Mixed Platforms.ActiveCfg = Debug|Any CPU
		{8D7651C6-E53E-4E5D-AE78-EA74548C75F1}.Debug|Mixed Platforms.Build.0 = Debug|Any CPU
		{8D7651C6-E53E-4E5D-AE78-EA74548C75F1}.Debug|Win32.ActiveCfg = Debug|Any CPU
		{8D7651C6-E53E-4E5D-AE78-EA74548C75F1}.Release|.NET.ActiveCfg = Release|Any CPU
		{8D7651C6-E53E-4E5D-AE78-EA74548C75F1}.Release|Any CPU.ActiveCfg = Release|Any CPU
		{8D7651C6-E53E-4E5D-AE78-EA74548C75F1}.Release|Any CPU.Build.0 = Release|Any CPU
		{8D7651C6-E53E-4E5D-AE78-EA74548C75F1}.Release|Mixed Platforms.ActiveCfg = Release|Any CPU
		{8D7651C6-E53E-4E5D-AE78-EA74548C75F1}.Release|Mixed Platforms.Build.0 = Release|Any CPU
		{8D7651C6-E53E-4E5D-AE78-EA74548C75F1}.Release|Win32.ActiveCfg = Release|Any CPU
		{9458C080-80F1-4B89-9BF2-182F11B983F3}.Debug|.NET.ActiveCfg = Debug|Any CPU
		{9458C080-80F1-4B89-9BF2-182F11B983F3}.Debug|Any CPU.ActiveCfg = Debug|Any CPU
		{9458C080-80F1-4B89-9BF2-182F11B983F3}.Debug|Any CPU.Build.0 = Debug|Any CPU
		{9458C080-80F1-4B89-9BF2-182F11B983F3}.Debug|Mixed Platforms.ActiveCfg = Debug|Any CPU
		{9458C080-80F1-4B89-9BF2-182F11B983F3}.Debug|Mixed Platforms.Build.0 = Debug|Any CPU
		{9458C080-80F1-4B89-9BF2-182F11B983F3}.Debug|Win32.ActiveCfg = Debug|Any CPU
		{9458C080-80F1-4B89-9BF2-182F11B983F3}.Release|.NET.ActiveCfg = Release|Any CPU
		{9458C080-80F1-4B89-9BF2-182F11B983F3}.Release|Any CPU.ActiveCfg = Release|Any CPU
		{9458C080-80F1-4B89-9BF2-182F11B983F3}.Release|Any CPU.Build.0 = Release|Any CPU
		{9458C080-80F1-4B89-9BF2-182F11B983F3}.Release|Mixed Platforms.ActiveCfg = Release|Any CPU
		{9458C080-80F1-4B89-9BF2-182F11B983F3}.Release|Mixed Platforms.Build.0 = Release|Any CPU
		{9458C080-80F1-4B89-9BF2-182F11B983F3}.Release|Win32.ActiveCfg = Release|Any CPU
		{42EFAE37-42AA-4496-A1BF-904BC4B52A57}.Debug|.NET.ActiveCfg = Debug|Any CPU
		{42EFAE37-42AA-4496-A1BF-904BC4B52A57}.Debug|Any CPU.ActiveCfg = Debug|Any CPU
		{42EFAE37-42AA-4496-A1BF-904BC4B52A57}.Debug|Any CPU.Build.0 = Debug|Any CPU
		{42EFAE37-42AA-4496-A1BF-904BC4B52A57}.Debug|Mixed Platforms.ActiveCfg = Debug|Any CPU
		{42EFAE37-42AA-4496-A1BF-904BC4B52A57}.Debug|Mixed Platforms.Build.0 = Debug|Any CPU
		{42EFAE37-42AA-4496-A1BF-904BC4B52A57}.Debug|Win32.ActiveCfg = Debug|Any CPU
		{42EFAE37-42AA-4496-A1BF-904BC4B52A57}.Release|.NET.ActiveCfg = Release|Any CPU
		{42EFAE37-42AA-4496-A1BF-904BC4B52A57}.Release|Any CPU.ActiveCfg = Release|Any CPU
		{42EFAE37-42AA-4496-A1BF-904BC4B52A57}.Release|Any CPU.Build.0 = Release|Any CPU
		{42EFAE37-42AA-4496-A1BF-904BC4B52A57}.Release|Mixed Platforms.ActiveCfg = Release|Any CPU
		{42EFAE37-42AA-4496-A1BF-904BC4B52A57}.Release|Mixed Platforms.Build.0 = Release|Any CPU
		{42EFAE37-42AA-4496-A1BF-904BC4B52A57}.Release|Win32.ActiveCfg = Release|Any CPU
		{98DC262C-571D-4418-8BA9-59E46423736F}.Debug|.NET.ActiveCfg = Debug|Any CPU
		{98DC262C-571D-4418-8BA9-59E46423736F}.Debug|Any CPU.ActiveCfg = Debug|Any CPU
		{98DC262C-571D-4418-8BA9-59E46423736F}.Debug|Any CPU.Build.0 = Debug|Any CPU
		{98DC262C-571D-4418-8BA9-59E46423736F}.Debug|Mixed Platforms.ActiveCfg = Debug|Any CPU
		{98DC262C-571D-4418-8BA9-59E46423736F}.Debug|Mixed Platforms.Build.0 = Debug|Any CPU
		{98DC262C-571D-4418-8BA9-59E46423736F}.Debug|Win32.ActiveCfg = Debug|Any CPU
		{98DC262C-571D-4418-8BA9-59E46423736F}.Release|.NET.ActiveCfg = Debug|Any CPU
		{98DC262C-571D-4418-8BA9-59E46423736F}.Release|Any CPU.ActiveCfg = Debug|Any CPU
		{98DC262C-571D-4418-8BA9-59E46423736F}.Release|Any CPU.Build.0 = Debug|Any CPU
		{98DC262C-571D-4418-8BA9-59E46423736F}.Release|Mixed Platforms.ActiveCfg = Debug|Any CPU
		{98DC262C-571D-4418-8BA9-59E46423736F}.Release|Mixed Platforms.Build.0 = Debug|Any CPU
		{98DC262C-571D-4418-8BA9-59E46423736F}.Release|Win32.ActiveCfg = Debug|Any CPU
		{3077D2E3-A735-43DC-AEDC-14208B1F4B07}.Debug|.NET.ActiveCfg = Debug|Any CPU
		{3077D2E3-A735-43DC-AEDC-14208B1F4B07}.Debug|Any CPU.ActiveCfg = Debug|Any CPU
		{3077D2E3-A735-43DC-AEDC-14208B1F4B07}.Debug|Any CPU.Build.0 = Debug|Any CPU
		{3077D2E3-A735-43DC-AEDC-14208B1F4B07}.Debug|Mixed Platforms.ActiveCfg = Debug|Any CPU
		{3077D2E3-A735-43DC-AEDC-14208B1F4B07}.Debug|Mixed Platforms.Build.0 = Debug|Any CPU
		{3077D2E3-A735-43DC-AEDC-14208B1F4B07}.Debug|Win32.ActiveCfg = Debug|Any CPU
		{3077D2E3-A735-43DC-AEDC-14208B1F4B07}.Release|.NET.ActiveCfg = Release|Any CPU
		{3077D2E3-A735-43DC-AEDC-14208B1F4B07}.Release|Any CPU.ActiveCfg = Release|Any CPU
		{3077D2E3-A735-43DC-AEDC-14208B1F4B07}.Release|Any CPU.Build.0 = Release|Any CPU
		{3077D2E3-A735-43DC-AEDC-14208B1F4B07}.Release|Mixed Platforms.ActiveCfg = Release|Any CPU
		{3077D2E3-A735-43DC-AEDC-14208B1F4B07}.Release|Mixed Platforms.Build.0 = Release|Any CPU
		{3077D2E3-A735-43DC-AEDC-14208B1F4B07}.Release|Win32.ActiveCfg = Release|Any CPU
		{B65BAC3E-50FE-40F9-869A-962A22EE8099}.Debug|.NET.ActiveCfg = Debug|Any CPU
		{B65BAC3E-50FE-40F9-869A-962A22EE8099}.Debug|Any CPU.ActiveCfg = Debug|Any CPU
		{B65BAC3E-50FE-40F9-869A-962A22EE8099}.Debug|Any CPU.Build.0 = Debug|Any CPU
		{B65BAC3E-50FE-40F9-869A-962A22EE8099}.Debug|Mixed Platforms.ActiveCfg = Debug|Any CPU
		{B65BAC3E-50FE-40F9-869A-962A22EE8099}.Debug|Mixed Platforms.Build.0 = Debug|Any CPU
		{B65BAC3E-50FE-40F9-869A-962A22EE8099}.Debug|Win32.ActiveCfg = Debug|Any CPU
		{B65BAC3E-50FE-40F9-869A-962A22EE8099}.Release|.NET.ActiveCfg = Release|Any CPU
		{B65BAC3E-50FE-40F9-869A-962A22EE8099}.Release|Any CPU.ActiveCfg = Release|Any CPU
		{B65BAC3E-50FE-40F9-869A-962A22EE8099}.Release|Any CPU.Build.0 = Release|Any CPU
		{B65BAC3E-50FE-40F9-869A-962A22EE8099}.Release|Mixed Platforms.ActiveCfg = Release|Any CPU
		{B65BAC3E-50FE-40F9-869A-962A22EE8099}.Release|Mixed Platforms.Build.0 = Release|Any CPU
		{B65BAC3E-50FE-40F9-869A-962A22EE8099}.Release|Win32.ActiveCfg = Release|Any CPU
		{F3401C17-B618-44DB-885D-EA88F32D5F7B}.Debug|.NET.ActiveCfg = Debug|Any CPU
		{F3401C17-B618-44DB-885D-EA88F32D5F7B}.Debug|Any CPU.ActiveCfg = Debug|Any CPU
		{F3401C17-B618-44DB-885D-EA88F32D5F7B}.Debug|Any CPU.Build.0 = Debug|Any CPU
		{F3401C17-B618-44DB-885D-EA88F32D5F7B}.Debug|Mixed Platforms.ActiveCfg = Debug|Any CPU
		{F3401C17-B618-44DB-885D-EA88F32D5F7B}.Debug|Mixed Platforms.Build.0 = Debug|Any CPU
		{F3401C17-B618-44DB-885D-EA88F32D5F7B}.Debug|Win32.ActiveCfg = Debug|Any CPU
		{F3401C17-B618-44DB-885D-EA88F32D5F7B}.Release|.NET.ActiveCfg = Release|Any CPU
		{F3401C17-B618-44DB-885D-EA88F32D5F7B}.Release|Any CPU.ActiveCfg = Release|Any CPU
		{F3401C17-B618-44DB-885D-EA88F32D5F7B}.Release|Any CPU.Build.0 = Release|Any CPU
		{F3401C17-B618-44DB-885D-EA88F32D5F7B}.Release|Mixed Platforms.ActiveCfg = Release|Any CPU
		{F3401C17-B618-44DB-885D-EA88F32D5F7B}.Release|Mixed Platforms.Build.0 = Release|Any CPU
		{F3401C17-B618-44DB-885D-EA88F32D5F7B}.Release|Win32.ActiveCfg = Release|Any CPU
		{9DBC80BF-17D3-4A89-B687-7106D265D9B9}.Debug|.NET.ActiveCfg = Debug|Any CPU
		{9DBC80BF-17D3-4A89-B687-7106D265D9B9}.Debug|Any CPU.ActiveCfg = Debug|Any CPU
		{9DBC80BF-17D3-4A89-B687-7106D265D9B9}.Debug|Any CPU.Build.0 = Debug|Any CPU
		{9DBC80BF-17D3-4A89-B687-7106D265D9B9}.Debug|Mixed Platforms.ActiveCfg = Debug|Any CPU
		{9DBC80BF-17D3-4A89-B687-7106D265D9B9}.Debug|Mixed Platforms.Build.0 = Debug|Any CPU
		{9DBC80BF-17D3-4A89-B687-7106D265D9B9}.Debug|Win32.ActiveCfg = Debug|Any CPU
		{9DBC80BF-17D3-4A89-B687-7106D265D9B9}.Release|.NET.ActiveCfg = Release|Any CPU
		{9DBC80BF-17D3-4A89-B687-7106D265D9B9}.Release|Any CPU.ActiveCfg = Release|Any CPU
		{9DBC80BF-17D3-4A89-B687-7106D265D9B9}.Release|Any CPU.Build.0 = Release|Any CPU
		{9DBC80BF-17D3-4A89-B687-7106D265D9B9}.Release|Mixed Platforms.ActiveCfg = Release|Any CPU
		{9DBC80BF-17D3-4A89-B687-7106D265D9B9}.Release|Mixed Platforms.Build.0 = Release|Any CPU
		{9DBC80BF-17D3-4A89-B687-7106D265D9B9}.Release|Win32.ActiveCfg = Release|Any CPU
		{E6D13E46-64BF-4F0A-93C0-66A87B438F91}.Debug|.NET.ActiveCfg = Debug|Any CPU
		{E6D13E46-64BF-4F0A-93C0-66A87B438F91}.Debug|Any CPU.ActiveCfg = Debug|Any CPU
		{E6D13E46-64BF-4F0A-93C0-66A87B438F91}.Debug|Any CPU.Build.0 = Debug|Any CPU
		{E6D13E46-64BF-4F0A-93C0-66A87B438F91}.Debug|Mixed Platforms.ActiveCfg = Debug|Any CPU
		{E6D13E46-64BF-4F0A-93C0-66A87B438F91}.Debug|Mixed Platforms.Build.0 = Debug|Any CPU
		{E6D13E46-64BF-4F0A-93C0-66A87B438F91}.Debug|Win32.ActiveCfg = Debug|Any CPU
		{E6D13E46-64BF-4F0A-93C0-66A87B438F91}.Release|.NET.ActiveCfg = Release|Any CPU
		{E6D13E46-64BF-4F0A-93C0-66A87B438F91}.Release|Any CPU.ActiveCfg = Release|Any CPU
		{E6D13E46-64BF-4F0A-93C0-66A87B438F91}.Release|Any CPU.Build.0 = Release|Any CPU
		{E6D13E46-64BF-4F0A-93C0-66A87B438F91}.Release|Mixed Platforms.ActiveCfg = Release|Any CPU
		{E6D13E46-64BF-4F0A-93C0-66A87B438F91}.Release|Mixed Platforms.Build.0 = Release|Any CPU
		{E6D13E46-64BF-4F0A-93C0-66A87B438F91}.Release|Win32.ActiveCfg = Release|Any CPU
		{79A0029B-FDC4-4213-8F94-DF1658AFBDD1}.Debug|.NET.ActiveCfg = Debug|Any CPU
		{79A0029B-FDC4-4213-8F94-DF1658AFBDD1}.Debug|Any CPU.ActiveCfg = Debug|Any CPU
		{79A0029B-FDC4-4213-8F94-DF1658AFBDD1}.Debug|Any CPU.Build.0 = Debug|Any CPU
		{79A0029B-FDC4-4213-8F94-DF1658AFBDD1}.Debug|Mixed Platforms.ActiveCfg = Debug|Any CPU
		{79A0029B-FDC4-4213-8F94-DF1658AFBDD1}.Debug|Mixed Platforms.Build.0 = Debug|Any CPU
		{79A0029B-FDC4-4213-8F94-DF1658AFBDD1}.Debug|Win32.ActiveCfg = Debug|Any CPU
		{79A0029B-FDC4-4213-8F94-DF1658AFBDD1}.Release|.NET.ActiveCfg = Release|Any CPU
		{79A0029B-FDC4-4213-8F94-DF1658AFBDD1}.Release|Any CPU.ActiveCfg = Release|Any CPU
		{79A0029B-FDC4-4213-8F94-DF1658AFBDD1}.Release|Any CPU.Build.0 = Release|Any CPU
		{79A0029B-FDC4-4213-8F94-DF1658AFBDD1}.Release|Mixed Platforms.ActiveCfg = Release|Any CPU
		{79A0029B-FDC4-4213-8F94-DF1658AFBDD1}.Release|Mixed Platforms.Build.0 = Release|Any CPU
		{79A0029B-FDC4-4213-8F94-DF1658AFBDD1}.Release|Win32.ActiveCfg = Release|Any CPU
		{DB5D0947-0C1A-491E-8A5E-D06854D3C9B5}.Debug|.NET.ActiveCfg = Debug|Any CPU
		{DB5D0947-0C1A-491E-8A5E-D06854D3C9B5}.Debug|Any CPU.ActiveCfg = Debug|Any CPU
		{DB5D0947-0C1A-491E-8A5E-D06854D3C9B5}.Debug|Any CPU.Build.0 = Debug|Any CPU
		{DB5D0947-0C1A-491E-8A5E-D06854D3C9B5}.Debug|Mixed Platforms.ActiveCfg = Debug|Any CPU
		{DB5D0947-0C1A-491E-8A5E-D06854D3C9B5}.Debug|Mixed Platforms.Build.0 = Debug|Any CPU
		{DB5D0947-0C1A-491E-8A5E-D06854D3C9B5}.Debug|Win32.ActiveCfg = Debug|Any CPU
		{DB5D0947-0C1A-491E-8A5E-D06854D3C9B5}.Release|.NET.ActiveCfg = Release|Any CPU
		{DB5D0947-0C1A-491E-8A5E-D06854D3C9B5}.Release|Any CPU.ActiveCfg = Release|Any CPU
		{DB5D0947-0C1A-491E-8A5E-D06854D3C9B5}.Release|Any CPU.Build.0 = Release|Any CPU
		{DB5D0947-0C1A-491E-8A5E-D06854D3C9B5}.Release|Mixed Platforms.ActiveCfg = Release|Any CPU
		{DB5D0947-0C1A-491E-8A5E-D06854D3C9B5}.Release|Mixed Platforms.Build.0 = Release|Any CPU
		{DB5D0947-0C1A-491E-8A5E-D06854D3C9B5}.Release|Win32.ActiveCfg = Release|Any CPU
		{02EABB69-1B35-4069-ACB0-26D4B4B007B3}.Debug|.NET.ActiveCfg = Debug|Any CPU
		{02EABB69-1B35-4069-ACB0-26D4B4B007B3}.Debug|Any CPU.ActiveCfg = Debug|Any CPU
		{02EABB69-1B35-4069-ACB0-26D4B4B007B3}.Debug|Any CPU.Build.0 = Debug|Any CPU
		{02EABB69-1B35-4069-ACB0-26D4B4B007B3}.Debug|Mixed Platforms.ActiveCfg = Debug|Any CPU
		{02EABB69-1B35-4069-ACB0-26D4B4B007B3}.Debug|Mixed Platforms.Build.0 = Debug|Any CPU
		{02EABB69-1B35-4069-ACB0-26D4B4B007B3}.Debug|Win32.ActiveCfg = Debug|Any CPU
		{02EABB69-1B35-4069-ACB0-26D4B4B007B3}.Release|.NET.ActiveCfg = Release|Any CPU
		{02EABB69-1B35-4069-ACB0-26D4B4B007B3}.Release|Any CPU.ActiveCfg = Release|Any CPU
		{02EABB69-1B35-4069-ACB0-26D4B4B007B3}.Release|Any CPU.Build.0 = Release|Any CPU
		{02EABB69-1B35-4069-ACB0-26D4B4B007B3}.Release|Mixed Platforms.ActiveCfg = Release|Any CPU
		{02EABB69-1B35-4069-ACB0-26D4B4B007B3}.Release|Mixed Platforms.Build.0 = Release|Any CPU
		{02EABB69-1B35-4069-ACB0-26D4B4B007B3}.Release|Win32.ActiveCfg = Release|Any CPU
		{9BB1E0E2-744F-405C-B313-73D411CB946D}.Debug|.NET.ActiveCfg = Debug|Any CPU
		{9BB1E0E2-744F-405C-B313-73D411CB946D}.Debug|Any CPU.ActiveCfg = Debug|Any CPU
		{9BB1E0E2-744F-405C-B313-73D411CB946D}.Debug|Any CPU.Build.0 = Debug|Any CPU
		{9BB1E0E2-744F-405C-B313-73D411CB946D}.Debug|Mixed Platforms.ActiveCfg = Debug|Any CPU
		{9BB1E0E2-744F-405C-B313-73D411CB946D}.Debug|Mixed Platforms.Build.0 = Debug|Any CPU
		{9BB1E0E2-744F-405C-B313-73D411CB946D}.Debug|Win32.ActiveCfg = Debug|Any CPU
		{9BB1E0E2-744F-405C-B313-73D411CB946D}.Release|.NET.ActiveCfg = Release|Any CPU
		{9BB1E0E2-744F-405C-B313-73D411CB946D}.Release|Any CPU.ActiveCfg = Release|Any CPU
		{9BB1E0E2-744F-405C-B313-73D411CB946D}.Release|Any CPU.Build.0 = Release|Any CPU
		{9BB1E0E2-744F-405C-B313-73D411CB946D}.Release|Mixed Platforms.ActiveCfg = Release|Any CPU
		{9BB1E0E2-744F-405C-B313-73D411CB946D}.Release|Mixed Platforms.Build.0 = Release|Any CPU
		{9BB1E0E2-744F-405C-B313-73D411CB946D}.Release|Win32.ActiveCfg = Release|Any CPU
		{70BA0FA1-6A45-4A7C-A1E3-7880001D4F7F}.Debug|.NET.ActiveCfg = Debug|Any CPU
		{70BA0FA1-6A45-4A7C-A1E3-7880001D4F7F}.Debug|Any CPU.ActiveCfg = Debug|Any CPU
		{70BA0FA1-6A45-4A7C-A1E3-7880001D4F7F}.Debug|Any CPU.Build.0 = Debug|Any CPU
		{70BA0FA1-6A45-4A7C-A1E3-7880001D4F7F}.Debug|Mixed Platforms.ActiveCfg = Debug|Any CPU
		{70BA0FA1-6A45-4A7C-A1E3-7880001D4F7F}.Debug|Mixed Platforms.Build.0 = Debug|Any CPU
		{70BA0FA1-6A45-4A7C-A1E3-7880001D4F7F}.Debug|Win32.ActiveCfg = Debug|Any CPU
		{70BA0FA1-6A45-4A7C-A1E3-7880001D4F7F}.Release|.NET.ActiveCfg = Release|Any CPU
		{70BA0FA1-6A45-4A7C-A1E3-7880001D4F7F}.Release|Any CPU.ActiveCfg = Release|Any CPU
		{70BA0FA1-6A45-4A7C-A1E3-7880001D4F7F}.Release|Any CPU.Build.0 = Release|Any CPU
		{70BA0FA1-6A45-4A7C-A1E3-7880001D4F7F}.Release|Mixed Platforms.ActiveCfg = Release|Any CPU
		{70BA0FA1-6A45-4A7C-A1E3-7880001D4F7F}.Release|Mixed Platforms.Build.0 = Release|Any CPU
		{70BA0FA1-6A45-4A7C-A1E3-7880001D4F7F}.Release|Win32.ActiveCfg = Release|Any CPU
		{9AC3CEA0-1D8B-4F44-813A-3EC8301C7BE8}.Debug|.NET.ActiveCfg = Debug|Any CPU
		{9AC3CEA0-1D8B-4F44-813A-3EC8301C7BE8}.Debug|Any CPU.ActiveCfg = Debug|Any CPU
		{9AC3CEA0-1D8B-4F44-813A-3EC8301C7BE8}.Debug|Any CPU.Build.0 = Debug|Any CPU
		{9AC3CEA0-1D8B-4F44-813A-3EC8301C7BE8}.Debug|Mixed Platforms.ActiveCfg = Debug|Any CPU
		{9AC3CEA0-1D8B-4F44-813A-3EC8301C7BE8}.Debug|Mixed Platforms.Build.0 = Debug|Any CPU
		{9AC3CEA0-1D8B-4F44-813A-3EC8301C7BE8}.Debug|Win32.ActiveCfg = Debug|Any CPU
		{9AC3CEA0-1D8B-4F44-813A-3EC8301C7BE8}.Release|.NET.ActiveCfg = Release|Any CPU
		{9AC3CEA0-1D8B-4F44-813A-3EC8301C7BE8}.Release|Any CPU.ActiveCfg = Release|Any CPU
		{9AC3CEA0-1D8B-4F44-813A-3EC8301C7BE8}.Release|Any CPU.Build.0 = Release|Any CPU
		{9AC3CEA0-1D8B-4F44-813A-3EC8301C7BE8}.Release|Mixed Platforms.ActiveCfg = Release|Any CPU
		{9AC3CEA0-1D8B-4F44-813A-3EC8301C7BE8}.Release|Mixed Platforms.Build.0 = Release|Any CPU
		{9AC3CEA0-1D8B-4F44-813A-3EC8301C7BE8}.Release|Win32.ActiveCfg = Release|Any CPU
		{8BC92B72-25B9-479D-ACE7-5D1D3A66C274}.Debug|.NET.ActiveCfg = Debug|Any CPU
		{8BC92B72-25B9-479D-ACE7-5D1D3A66C274}.Debug|Any CPU.ActiveCfg = Debug|Any CPU
		{8BC92B72-25B9-479D-ACE7-5D1D3A66C274}.Debug|Any CPU.Build.0 = Debug|Any CPU
		{8BC92B72-25B9-479D-ACE7-5D1D3A66C274}.Debug|Mixed Platforms.ActiveCfg = Debug|Any CPU
		{8BC92B72-25B9-479D-ACE7-5D1D3A66C274}.Debug|Mixed Platforms.Build.0 = Debug|Any CPU
		{8BC92B72-25B9-479D-ACE7-5D1D3A66C274}.Debug|Win32.ActiveCfg = Debug|Any CPU
		{8BC92B72-25B9-479D-ACE7-5D1D3A66C274}.Release|.NET.ActiveCfg = Release|Any CPU
		{8BC92B72-25B9-479D-ACE7-5D1D3A66C274}.Release|Any CPU.ActiveCfg = Release|Any CPU
		{8BC92B72-25B9-479D-ACE7-5D1D3A66C274}.Release|Any CPU.Build.0 = Release|Any CPU
		{8BC92B72-25B9-479D-ACE7-5D1D3A66C274}.Release|Mixed Platforms.ActiveCfg = Release|Any CPU
		{8BC92B72-25B9-479D-ACE7-5D1D3A66C274}.Release|Mixed Platforms.Build.0 = Release|Any CPU
		{8BC92B72-25B9-479D-ACE7-5D1D3A66C274}.Release|Win32.ActiveCfg = Release|Any CPU
		{3A0B6375-E9ED-4CC1-AC7B-306AC04B133E}.Debug|.NET.ActiveCfg = Debug|Any CPU
		{3A0B6375-E9ED-4CC1-AC7B-306AC04B133E}.Debug|Any CPU.ActiveCfg = Debug|Any CPU
		{3A0B6375-E9ED-4CC1-AC7B-306AC04B133E}.Debug|Any CPU.Build.0 = Debug|Any CPU
		{3A0B6375-E9ED-4CC1-AC7B-306AC04B133E}.Debug|Mixed Platforms.ActiveCfg = Debug|Any CPU
		{3A0B6375-E9ED-4CC1-AC7B-306AC04B133E}.Debug|Mixed Platforms.Build.0 = Debug|Any CPU
		{3A0B6375-E9ED-4CC1-AC7B-306AC04B133E}.Debug|Win32.ActiveCfg = Debug|Any CPU
		{3A0B6375-E9ED-4CC1-AC7B-306AC04B133E}.Release|.NET.ActiveCfg = Release|Any CPU
		{3A0B6375-E9ED-4CC1-AC7B-306AC04B133E}.Release|Any CPU.ActiveCfg = Release|Any CPU
		{3A0B6375-E9ED-4CC1-AC7B-306AC04B133E}.Release|Any CPU.Build.0 = Release|Any CPU
		{3A0B6375-E9ED-4CC1-AC7B-306AC04B133E}.Release|Mixed Platforms.ActiveCfg = Release|Any CPU
		{3A0B6375-E9ED-4CC1-AC7B-306AC04B133E}.Release|Mixed Platforms.Build.0 = Release|Any CPU
		{3A0B6375-E9ED-4CC1-AC7B-306AC04B133E}.Release|Win32.ActiveCfg = Release|Any CPU
		{5845BD82-49D5-421A-9CFD-21A06369C17F}.Debug|.NET.ActiveCfg = Debug|Any CPU
		{5845BD82-49D5-421A-9CFD-21A06369C17F}.Debug|Any CPU.ActiveCfg = Debug|Any CPU
		{5845BD82-49D5-421A-9CFD-21A06369C17F}.Debug|Any CPU.Build.0 = Debug|Any CPU
		{5845BD82-49D5-421A-9CFD-21A06369C17F}.Debug|Mixed Platforms.ActiveCfg = Debug|Any CPU
		{5845BD82-49D5-421A-9CFD-21A06369C17F}.Debug|Mixed Platforms.Build.0 = Debug|Any CPU
		{5845BD82-49D5-421A-9CFD-21A06369C17F}.Debug|Win32.ActiveCfg = Debug|Any CPU
		{5845BD82-49D5-421A-9CFD-21A06369C17F}.Release|.NET.ActiveCfg = Release|Any CPU
		{5845BD82-49D5-421A-9CFD-21A06369C17F}.Release|Any CPU.ActiveCfg = Release|Any CPU
		{5845BD82-49D5-421A-9CFD-21A06369C17F}.Release|Any CPU.Build.0 = Release|Any CPU
		{5845BD82-49D5-421A-9CFD-21A06369C17F}.Release|Mixed Platforms.ActiveCfg = Release|Any CPU
		{5845BD82-49D5-421A-9CFD-21A06369C17F}.Release|Mixed Platforms.Build.0 = Release|Any CPU
		{5845BD82-49D5-421A-9CFD-21A06369C17F}.Release|Win32.ActiveCfg = Release|Any CPU
		{7127036D-5BC6-407E-83D3-D370584365E2}.Debug|.NET.ActiveCfg = Debug|Any CPU
		{7127036D-5BC6-407E-83D3-D370584365E2}.Debug|Any CPU.ActiveCfg = Debug|Any CPU
		{7127036D-5BC6-407E-83D3-D370584365E2}.Debug|Any CPU.Build.0 = Debug|Any CPU
		{7127036D-5BC6-407E-83D3-D370584365E2}.Debug|Mixed Platforms.ActiveCfg = Debug|Any CPU
		{7127036D-5BC6-407E-83D3-D370584365E2}.Debug|Mixed Platforms.Build.0 = Debug|Any CPU
		{7127036D-5BC6-407E-83D3-D370584365E2}.Debug|Win32.ActiveCfg = Debug|Any CPU
		{7127036D-5BC6-407E-83D3-D370584365E2}.Release|.NET.ActiveCfg = Release|Any CPU
		{7127036D-5BC6-407E-83D3-D370584365E2}.Release|Any CPU.ActiveCfg = Release|Any CPU
		{7127036D-5BC6-407E-83D3-D370584365E2}.Release|Any CPU.Build.0 = Release|Any CPU
		{7127036D-5BC6-407E-83D3-D370584365E2}.Release|Mixed Platforms.ActiveCfg = Release|Any CPU
		{7127036D-5BC6-407E-83D3-D370584365E2}.Release|Mixed Platforms.Build.0 = Release|Any CPU
		{7127036D-5BC6-407E-83D3-D370584365E2}.Release|Win32.ActiveCfg = Release|Any CPU
	EndGlobalSection
	GlobalSection(SolutionProperties) = preSolution
		HideSolutionNode = FALSE
	EndGlobalSection
	GlobalSection(ExtensibilityGlobals) = postSolution
		SolutionGuid = {2327BCA7-4F37-48FD-9F10-D0F3F40917E1}
	EndGlobalSection
EndGlobal
